{
    "_meta": {
        "hash": {
            "sha256": "bbe3c6217e21999d7430e7a66088995b2ac703218c0a7ced05d18783a2f90cbd"
        },
        "pipfile-spec": 6,
        "requires": {
            "python_version": "3.8"
        },
        "sources": [
            {
                "name": "pypi",
                "url": "https://pypi.python.org/simple",
                "verify_ssl": true
            }
        ]
    },
    "default": {
        "pymongo": {
            "extras": [
                "srv"
            ],
            "version": "*"
        }
    },
    "develop": {
        "shnootalk-cc-server": {
            "editable": true,
            "path": "."
        }
    }
}
